
Microsoft Visual Studio Solution File, Format Version 12.00
# Visual Studio Version 17
VisualStudioVersion = 17.9.34728.123
MinimumVisualStudioVersion = 10.0.40219.1
Project("{9A19103F-16F7-4668-BE54-9A1E7A4F7556}") = "String Manipulations", "String Manipulations\String Manipulations.csproj", "{173B49A5-74AA-4B80-AAC4-FD9BD6797951}"
EndProject
Project("{FAE04EC0-301F-11D3-BF4B-00C04F79EFBC}") = "Arrays", "Arrays\Arrays.csproj", "{9FB54D0C-D2A4-44C1-AB3F-8FD74842AFA6}"
EndProject
Project("{9A19103F-16F7-4668-BE54-9A1E7A4F7556}") = "Numbers", "Numbers\Numbers.csproj", "{4B300534-D920-4B13-8531-015377B0D3CE}"
EndProject
Global
	GlobalSection(SolutionConfigurationPlatforms) = preSolution
		Debug|Any CPU = Debug|Any CPU
		Release|Any CPU = Release|Any CPU
	EndGlobalSection
	GlobalSection(ProjectConfigurationPlatforms) = postSolution
		{173B49A5-74AA-4B80-AAC4-FD9BD6797951}.Debug|Any CPU.ActiveCfg = Debug|Any CPU
		{173B49A5-74AA-4B80-AAC4-FD9BD6797951}.Debug|Any CPU.Build.0 = Debug|Any CPU
		{173B49A5-74AA-4B80-AAC4-FD9BD6797951}.Release|Any CPU.ActiveCfg = Release|Any CPU
		{173B49A5-74AA-4B80-AAC4-FD9BD6797951}.Release|Any CPU.Build.0 = Release|Any CPU
		{9FB54D0C-D2A4-44C1-AB3F-8FD74842AFA6}.Debug|Any CPU.ActiveCfg = Debug|Any CPU
		{9FB54D0C-D2A4-44C1-AB3F-8FD74842AFA6}.Debug|Any CPU.Build.0 = Debug|Any CPU
		{9FB54D0C-D2A4-44C1-AB3F-8FD74842AFA6}.Release|Any CPU.ActiveCfg = Release|Any CPU
		{9FB54D0C-D2A4-44C1-AB3F-8FD74842AFA6}.Release|Any CPU.Build.0 = Release|Any CPU
		{4B300534-D920-4B13-8531-015377B0D3CE}.Debug|Any CPU.ActiveCfg = Debug|Any CPU
		{4B300534-D920-4B13-8531-015377B0D3CE}.Debug|Any CPU.Build.0 = Debug|Any CPU
		{4B300534-D920-4B13-8531-015377B0D3CE}.Release|Any CPU.ActiveCfg = Release|Any CPU
		{4B300534-D920-4B13-8531-015377B0D3CE}.Release|Any CPU.Build.0 = Release|Any CPU
	EndGlobalSection
	GlobalSection(SolutionProperties) = preSolution
		HideSolutionNode = FALSE
	EndGlobalSection
	GlobalSection(ExtensibilityGlobals) = postSolution
		SolutionGuid = {9B380E1C-1834-4975-BFB4-095BD1409A31}
	EndGlobalSection
EndGlobal
